
Microsoft Visual Studio Solution File, Format Version 12.00
# Visual Studio Version 17
VisualStudioVersion = 17.6.33723.286
MinimumVisualStudioVersion = 10.0.40219.1
Project("{8BC9CEB8-8B4A-11D0-8D11-00A0C91BC942}") = "Intel-CPU-Info-App-v2", "Intel-CPU-Info-App-v2\Intel-CPU-Info-App-v2.vcxproj", "{1AB4E548-6923-4E40-A02C-3F360F17F660}"
EndProject
Global
	GlobalSection(SolutionConfigurationPlatforms) = preSolution
		Debug|x64 = Debug|x64
		Debug|x86 = Debug|x86
		Release|x64 = Release|x64
		Release|x86 = Release|x86
	EndGlobalSection
	GlobalSection(ProjectConfigurationPlatforms) = postSolution
		{1AB4E548-6923-4E40-A02C-3F360F17F660}.Debug|x64.ActiveCfg = Debug|x64
		{1AB4E548-6923-4E40-A02C-3F360F17F660}.Debug|x64.Build.0 = Debug|x64
		{1AB4E548-6923-4E40-A02C-3F360F17F660}.Debug|x86.ActiveCfg = Debug|Win32
		{1AB4E548-6923-4E40-A02C-3F360F17F660}.Debug|x86.Build.0 = Debug|Win32
		{1AB4E548-6923-4E40-A02C-3F360F17F660}.Release|x64.ActiveCfg = Release|x64
		{1AB4E548-6923-4E40-A02C-3F360F17F660}.Release|x64.Build.0 = Release|x64
		{1AB4E548-6923-4E40-A02C-3F360F17F660}.Release|x86.ActiveCfg = Release|Win32
		{1AB4E548-6923-4E40-A02C-3F360F17F660}.Release|x86.Build.0 = Release|Win32
	EndGlobalSection
	GlobalSection(SolutionProperties) = preSolution
		HideSolutionNode = FALSE
	EndGlobalSection
	GlobalSection(ExtensibilityGlobals) = postSolution
		SolutionGuid = {2E24DEDB-1EFD-45F5-A138-37B180EC4755}
	EndGlobalSection
EndGlobal
